
Microsoft Visual Studio Solution File, Format Version 12.00
# Visual Studio Version 17
VisualStudioVersion = 17.8.34525.116
MinimumVisualStudioVersion = 10.0.40219.1
Project("{9A19103F-16F7-4668-BE54-9A1E7A4F7556}") = "Entities", "Entities\Entities.csproj", "{0D124150-A789-4515-B1D0-7CA5C0D95C5B}"
EndProject
Project("{9A19103F-16F7-4668-BE54-9A1E7A4F7556}") = "Repositories", "Repositories\Repositories.csproj", "{BC750290-786A-4FC4-ACB2-47FDDA586FC3}"
EndProject
Project("{9A19103F-16F7-4668-BE54-9A1E7A4F7556}") = "WebApi", "WebApi\WebApi.csproj", "{73123EDC-3B19-4594-A14A-B66CD7637709}"
EndProject
Project("{FAE04EC0-301F-11D3-BF4B-00C04F79EFBC}") = "Services", "Services\Services.csproj", "{F705986C-C140-4BA4-BF8B-A9E81F8E99E2}"
EndProject
Project("{FAE04EC0-301F-11D3-BF4B-00C04F79EFBC}") = "Presentation", "Presentation\Presentation.csproj", "{20F7FBAB-11EB-45EC-872B-3D08B54F5235}"
EndProject
Global
	GlobalSection(SolutionConfigurationPlatforms) = preSolution
		Debug|Any CPU = Debug|Any CPU
		Release|Any CPU = Release|Any CPU
	EndGlobalSection
	GlobalSection(ProjectConfigurationPlatforms) = postSolution
		{0D124150-A789-4515-B1D0-7CA5C0D95C5B}.Debug|Any CPU.ActiveCfg = Debug|Any CPU
		{0D124150-A789-4515-B1D0-7CA5C0D95C5B}.Debug|Any CPU.Build.0 = Debug|Any CPU
		{0D124150-A789-4515-B1D0-7CA5C0D95C5B}.Release|Any CPU.ActiveCfg = Release|Any CPU
		{0D124150-A789-4515-B1D0-7CA5C0D95C5B}.Release|Any CPU.Build.0 = Release|Any CPU
		{BC750290-786A-4FC4-ACB2-47FDDA586FC3}.Debug|Any CPU.ActiveCfg = Debug|Any CPU
		{BC750290-786A-4FC4-ACB2-47FDDA586FC3}.Debug|Any CPU.Build.0 = Debug|Any CPU
		{BC750290-786A-4FC4-ACB2-47FDDA586FC3}.Release|Any CPU.ActiveCfg = Release|Any CPU
		{BC750290-786A-4FC4-ACB2-47FDDA586FC3}.Release|Any CPU.Build.0 = Release|Any CPU
		{73123EDC-3B19-4594-A14A-B66CD7637709}.Debug|Any CPU.ActiveCfg = Debug|Any CPU
		{73123EDC-3B19-4594-A14A-B66CD7637709}.Debug|Any CPU.Build.0 = Debug|Any CPU
		{73123EDC-3B19-4594-A14A-B66CD7637709}.Release|Any CPU.ActiveCfg = Release|Any CPU
		{73123EDC-3B19-4594-A14A-B66CD7637709}.Release|Any CPU.Build.0 = Release|Any CPU
		{F705986C-C140-4BA4-BF8B-A9E81F8E99E2}.Debug|Any CPU.ActiveCfg = Debug|Any CPU
		{F705986C-C140-4BA4-BF8B-A9E81F8E99E2}.Debug|Any CPU.Build.0 = Debug|Any CPU
		{F705986C-C140-4BA4-BF8B-A9E81F8E99E2}.Release|Any CPU.ActiveCfg = Release|Any CPU
		{F705986C-C140-4BA4-BF8B-A9E81F8E99E2}.Release|Any CPU.Build.0 = Release|Any CPU
		{20F7FBAB-11EB-45EC-872B-3D08B54F5235}.Debug|Any CPU.ActiveCfg = Debug|Any CPU
		{20F7FBAB-11EB-45EC-872B-3D08B54F5235}.Debug|Any CPU.Build.0 = Debug|Any CPU
		{20F7FBAB-11EB-45EC-872B-3D08B54F5235}.Release|Any CPU.ActiveCfg = Release|Any CPU
		{20F7FBAB-11EB-45EC-872B-3D08B54F5235}.Release|Any CPU.Build.0 = Release|Any CPU
	EndGlobalSection
	GlobalSection(SolutionProperties) = preSolution
		HideSolutionNode = FALSE
	EndGlobalSection
	GlobalSection(ExtensibilityGlobals) = postSolution
		SolutionGuid = {A95E0F27-ED1D-4273-85D6-8B4809033E0C}
	EndGlobalSection
EndGlobal
